<?xml version="1.0" encoding="utf-8"?>
<Project ToolsVersion="4.0" xmlns="http://schemas.microsoft.com/developer/msbuild/2003">
  <ItemGroup>
    <Filter Include="Loader">
      <UniqueIdentifier>{fd202d17-769f-417b-9ffe-f577d851762f}</UniqueIdentifier>
    </Filter>
    <Filter Include="Instance">
      <UniqueIdentifier>{3609b611-697f-4aa1-8326-a305842d7487}</UniqueIdentifier>
    </Filter>
    <Filter Include="Base">
      <UniqueIdentifier>{5a34c8cc-9434-4bc6-b4e1-4bd4578ce596}</UniqueIdentifier>
    </Filter>
    <Filter Include="PhysicalDevice">
      <UniqueIdentifier>{fdd0661e-98b8-465c-a4ac-50a55703c1cb}</UniqueIdentifier>
    </Filter>
    <Filter Include="Device">
      <UniqueIdentifier>{4801bfa6-58c2-4293-89a9-5b7ca4985139}</UniqueIdentifier>
    </Filter>
    <Filter Include="Queue">
      <UniqueIdentifier>{9b776196-b24d-44af-bd99-ac937ca61bf3}</UniqueIdentifier>
    </Filter>
    <Filter Include="CommandPool">
      <UniqueIdentifier>{2370bf5a-a11f-4836-a73c-db6e99968141}</UniqueIdentifier>
    </Filter>
    <Filter Include="Swapchain">
      <UniqueIdentifier>{5330a2ac-7bc6-41b0-9840-bcddc116e71c}</UniqueIdentifier>
    </Filter>
    <Filter Include="ImageView">
      <UniqueIdentifier>{58412926-16f2-47bd-8ce5-d8f35eadebd3}</UniqueIdentifier>
    </Filter>
    <Filter Include="Framebuffer">
      <UniqueIdentifier>{cab85a57-a079-488b-94b3-21d3cfc06173}</UniqueIdentifier>
    </Filter>
    <Filter Include="ShaderModule">
      <UniqueIdentifier>{064efc5e-e0d5-4ffc-9826-a5a2114f4f2e}</UniqueIdentifier>
    </Filter>
    <Filter Include="RenderPass">
      <UniqueIdentifier>{6e394a3c-cfd1-4d2d-8dd8-e35dbee7c060}</UniqueIdentifier>
    </Filter>
    <Filter Include="PipelineLayout">
      <UniqueIdentifier>{2dacd3a6-6d36-4cb5-a0b5-6d4e481ebd42}</UniqueIdentifier>
    </Filter>
    <Filter Include="PipelineCache">
      <UniqueIdentifier>{48a65dd4-204c-4f8b-9c26-13c954da1b02}</UniqueIdentifier>
    </Filter>
    <Filter Include="Pipeline">
      <UniqueIdentifier>{ec4f67bc-5b35-4e96-83fe-9254eb08f7bd}</UniqueIdentifier>
    </Filter>
    <Filter Include="Semaphore">
      <UniqueIdentifier>{4539d3cb-7352-43ae-8277-2b95f4eeb810}</UniqueIdentifier>
    </Filter>
    <Filter Include="Fence">
      <UniqueIdentifier>{d1c70fc6-eb9f-43ac-97d5-5b57833902f5}</UniqueIdentifier>
    </Filter>
    <Filter Include="Buffer">
      <UniqueIdentifier>{37cd1f77-1371-4f70-8dc1-c52eb4b16a4d}</UniqueIdentifier>
    </Filter>
    <Filter Include="Memory">
      <UniqueIdentifier>{fa02d8eb-4105-4328-9f8f-b902baa6a1da}</UniqueIdentifier>
    </Filter>
    <Filter Include="CommandBuffer">
      <UniqueIdentifier>{47664e01-c185-4c72-ba22-044d488e3cd1}</UniqueIdentifier>
    </Filter>
    <Filter Include="DebugUtilsMessenger">
      <UniqueIdentifier>{7c60043e-104c-4485-bbdb-fd18afac6d54}</UniqueIdentifier>
    </Filter>
    <Filter Include="Surface">
      <UniqueIdentifier>{5034ff35-2ff0-4979-9bc0-25905b189342}</UniqueIdentifier>
    </Filter>
  </ItemGroup>
  <ItemGroup>
    <ClInclude Include="VulkanLoader.h">
      <Filter>Loader</Filter>
    </ClInclude>
    <ClInclude Include="Procedure.h">
      <Filter>Loader</Filter>
    </ClInclude>
    <ClInclude Include="Instance.h">
      <Filter>Instance</Filter>
    </ClInclude>
    <ClInclude Include="Handle.h">
      <Filter>Base</Filter>
    </ClInclude>
    <ClInclude Include="PhysicalDevice.h">
      <Filter>PhysicalDevice</Filter>
    </ClInclude>
    <ClInclude Include="Device.h">
      <Filter>Device</Filter>
    </ClInclude>
    <ClInclude Include="Queue.h">
      <Filter>Queue</Filter>
    </ClInclude>
    <ClInclude Include="CommandPool.h">
      <Filter>CommandPool</Filter>
    </ClInclude>
    <ClInclude Include="Swapchain.h">
      <Filter>Swapchain</Filter>
    </ClInclude>
    <ClInclude Include="ImageView.h">
      <Filter>ImageView</Filter>
    </ClInclude>
    <ClInclude Include="Framebuffer.h">
      <Filter>Framebuffer</Filter>
    </ClInclude>
    <ClInclude Include="ShaderModule.h">
      <Filter>ShaderModule</Filter>
    </ClInclude>
    <ClInclude Include="RenderPass.h">
      <Filter>RenderPass</Filter>
    </ClInclude>
    <ClInclude Include="PipelineLayout.h">
      <Filter>PipelineLayout</Filter>
    </ClInclude>
    <ClInclude Include="PipelineCache.h">
      <Filter>PipelineCache</Filter>
    </ClInclude>
    <ClInclude Include="Pipeline.h">
      <Filter>Pipeline</Filter>
    </ClInclude>
    <ClInclude Include="Semaphore.h">
      <Filter>Semaphore</Filter>
    </ClInclude>
    <ClInclude Include="Fence.h">
      <Filter>Fence</Filter>
    </ClInclude>
    <ClInclude Include="Buffer.h">
      <Filter>Buffer</Filter>
    </ClInclude>
    <ClInclude Include="Memory.h">
      <Filter>Memory</Filter>
    </ClInclude>
    <ClInclude Include="CommandBuffer.h">
      <Filter>CommandBuffer</Filter>
    </ClInclude>
    <ClInclude Include="DebugUtilsMessenger.h">
      <Filter>DebugUtilsMessenger</Filter>
    </ClInclude>
  </ItemGroup>
  <ItemGroup>
    <ClCompile Include="VulkanLoader.cpp">
      <Filter>Loader</Filter>
    </ClCompile>
    <ClCompile Include="Instance.cpp">
      <Filter>Instance</Filter>
    </ClCompile>
    <ClCompile Include="PhysicalDevice.cpp">
      <Filter>PhysicalDevice</Filter>
    </ClCompile>
    <ClCompile Include="Device.cpp">
      <Filter>Device</Filter>
    </ClCompile>
    <ClCompile Include="Queue.cpp">
      <Filter>Queue</Filter>
    </ClCompile>
    <ClCompile Include="CommandPool.cpp">
      <Filter>CommandPool</Filter>
    </ClCompile>
    <ClCompile Include="Swapchain.cpp">
      <Filter>Swapchain</Filter>
    </ClCompile>
    <ClCompile Include="ImageView.cpp">
      <Filter>ImageView</Filter>
    </ClCompile>
    <ClCompile Include="Framebuffer.cpp">
      <Filter>Framebuffer</Filter>
    </ClCompile>
    <ClCompile Include="ShaderModule.cpp">
      <Filter>ShaderModule</Filter>
    </ClCompile>
    <ClCompile Include="RenderPass.cpp">
      <Filter>RenderPass</Filter>
    </ClCompile>
    <ClCompile Include="PipelineLayout.cpp">
      <Filter>PipelineLayout</Filter>
    </ClCompile>
    <ClCompile Include="PipelineCache.cpp">
      <Filter>PipelineCache</Filter>
    </ClCompile>
    <ClCompile Include="Pipeline.cpp">
      <Filter>Pipeline</Filter>
    </ClCompile>
    <ClCompile Include="Semaphore.cpp">
      <Filter>Semaphore</Filter>
    </ClCompile>
    <ClCompile Include="Fence.cpp">
      <Filter>Fence</Filter>
    </ClCompile>
    <ClCompile Include="Buffer.cpp">
      <Filter>Buffer</Filter>
    </ClCompile>
    <ClCompile Include="Memory.cpp">
      <Filter>Memory</Filter>
    </ClCompile>
    <ClCompile Include="CommandBuffer.cpp">
      <Filter>CommandBuffer</Filter>
    </ClCompile>
    <ClCompile Include="DebugUtilsMessenger.cpp">
      <Filter>DebugUtilsMessenger</Filter>
    </ClCompile>
  </ItemGroup>
</Project>