<?xml version="1.0" encoding="utf-8"?>
<Project ToolsVersion="4.0" xmlns="http://schemas.microsoft.com/developer/msbuild/2003">
  <ItemGroup>
    <ClInclude Include="Unique.h">
      <Filter>Unique</Filter>
    </ClInclude>
    <ClInclude Include="Event.h">
      <Filter>Event</Filter>
    </ClInclude>
    <ClInclude Include="StringFormatter.h">
      <Filter>StringFormatter</Filter>
    </ClInclude>
    <ClInclude Include="Looper.h">
      <Filter>Looper</Filter>
    </ClInclude>
    <ClInclude Include="Timer.h">
      <Filter>Timer</Filter>
    </ClInclude>
    <ClInclude Include="Logger.h">
      <Filter>Logger</Filter>
    </ClInclude>
    <ClInclude Include="LogSeverityType.h">
      <Filter>Logger</Filter>
    </ClInclude>
    <ClInclude Include="LruCache.h">
      <Filter>LruCache</Filter>
    </ClInclude>
    <ClInclude Include="IdAllocator.h">
      <Filter>IdAllocator</Filter>
    </ClInclude>
  </ItemGroup>
  <ItemGroup>
    <Filter Include="Unique">
      <UniqueIdentifier>{49fea0b8-03d8-47ed-a3b3-710efecb9a1f}</UniqueIdentifier>
    </Filter>
    <Filter Include="Event">
      <UniqueIdentifier>{bb0518e8-d4c5-4154-b49a-888242824f6e}</UniqueIdentifier>
    </Filter>
    <Filter Include="StringFormatter">
      <UniqueIdentifier>{6f32ab87-064a-49ee-b1d1-936d8ae33acf}</UniqueIdentifier>
    </Filter>
    <Filter Include="Looper">
      <UniqueIdentifier>{7b908e68-b7ad-4066-9131-dee8c1e05dfd}</UniqueIdentifier>
    </Filter>
    <Filter Include="Timer">
      <UniqueIdentifier>{7c061f05-291c-4d1b-9622-6b18503b3ee5}</UniqueIdentifier>
    </Filter>
    <Filter Include="Logger">
      <UniqueIdentifier>{bd9f82a6-5ee7-48c7-9906-c46962d7addc}</UniqueIdentifier>
    </Filter>
    <Filter Include="LruCache">
      <UniqueIdentifier>{06616940-ae54-4fd8-9a80-917a837625a4}</UniqueIdentifier>
    </Filter>
    <Filter Include="IdAllocator">
      <UniqueIdentifier>{4e7500cf-4b6e-46e2-a166-16e43cb233c0}</UniqueIdentifier>
    </Filter>
  </ItemGroup>
  <ItemGroup>
    <ClCompile Include="Looper.cpp">
      <Filter>Looper</Filter>
    </ClCompile>
    <ClCompile Include="Logger.cpp">
      <Filter>Logger</Filter>
    </ClCompile>
    <ClCompile Include="IdAllocator.cpp">
      <Filter>IdAllocator</Filter>
    </ClCompile>
  </ItemGroup>
</Project>