<?xml version="1.0" encoding="utf-8"?>
<Project ToolsVersion="4.0" xmlns="http://schemas.microsoft.com/developer/msbuild/2003">
  <ItemGroup>
    <Filter Include="Engine">
      <UniqueIdentifier>{e52bff2b-64bf-4022-a9a9-9cb96311d5d0}</UniqueIdentifier>
    </Filter>
    <Filter Include="Screen">
      <UniqueIdentifier>{7867949f-4add-4323-b576-dfc6f5116899}</UniqueIdentifier>
    </Filter>
    <Filter Include="RenderCommand">
      <UniqueIdentifier>{738bc1db-4e39-4e45-8d20-cae1f91453e8}</UniqueIdentifier>
    </Filter>
    <Filter Include="ShaderCompiler">
      <UniqueIdentifier>{4f30ba62-d715-4932-89fa-9e8813eabb3b}</UniqueIdentifier>
    </Filter>
    <Filter Include="PipelineFactory">
      <UniqueIdentifier>{2063d3f5-4857-4bb9-b599-ddfa4d7c166b}</UniqueIdentifier>
    </Filter>
    <Filter Include="PhysicalDevicePicker">
      <UniqueIdentifier>{8a42bd0c-8177-48c8-9793-1bd4dfcd5b0d}</UniqueIdentifier>
    </Filter>
  </ItemGroup>
  <ItemGroup>
    <ClCompile Include="RenderingEngine.cpp">
      <Filter>Engine</Filter>
    </ClCompile>
    <ClCompile Include="Screen.cpp">
      <Filter>Screen</Filter>
    </ClCompile>
    <ClCompile Include="ShaderCompiler.cpp">
      <Filter>ShaderCompiler</Filter>
    </ClCompile>
    <ClCompile Include="PipelineFactory.cpp">
      <Filter>PipelineFactory</Filter>
    </ClCompile>
    <ClCompile Include="ScreenManager.cpp">
      <Filter>Screen</Filter>
    </ClCompile>
    <ClCompile Include="PhysicalDevicePicker.cpp">
      <Filter>PhysicalDevicePicker</Filter>
    </ClCompile>
  </ItemGroup>
  <ItemGroup>
    <ClInclude Include="RenderingEngine.h">
      <Filter>Engine</Filter>
    </ClInclude>
    <ClInclude Include="Screen.h">
      <Filter>Screen</Filter>
    </ClInclude>
    <ClInclude Include="RenderCommand.h">
      <Filter>RenderCommand</Filter>
    </ClInclude>
    <ClInclude Include="ShaderCompiler.h">
      <Filter>ShaderCompiler</Filter>
    </ClInclude>
    <ClInclude Include="PipelineFactory.h">
      <Filter>PipelineFactory</Filter>
    </ClInclude>
    <ClInclude Include="ScreenManager.h">
      <Filter>Screen</Filter>
    </ClInclude>
    <ClInclude Include="PhysicalDevicePicker.h">
      <Filter>PhysicalDevicePicker</Filter>
    </ClInclude>
  </ItemGroup>
</Project>