<?xml version="1.0" encoding="utf-8"?>
<Project ToolsVersion="4.0" xmlns="http://schemas.microsoft.com/developer/msbuild/2003">
  <ItemGroup>
    <Filter Include="Engine">
      <UniqueIdentifier>{e52bff2b-64bf-4022-a9a9-9cb96311d5d0}</UniqueIdentifier>
    </Filter>
    <Filter Include="Screen">
      <UniqueIdentifier>{7867949f-4add-4323-b576-dfc6f5116899}</UniqueIdentifier>
    </Filter>
    <Filter Include="Engine\ScreenManager">
      <UniqueIdentifier>{f22afa61-1a2f-4419-a75f-7d7f4f94111b}</UniqueIdentifier>
    </Filter>
    <Filter Include="RenderModule">
      <UniqueIdentifier>{738bc1db-4e39-4e45-8d20-cae1f91453e8}</UniqueIdentifier>
    </Filter>
  </ItemGroup>
  <ItemGroup>
    <ClCompile Include="RenderingEngine.cpp">
      <Filter>Engine</Filter>
    </ClCompile>
    <ClCompile Include="PhysicalDeviceGroupPicker.cpp">
      <Filter>Engine</Filter>
    </ClCompile>
    <ClCompile Include="Screen.cpp">
      <Filter>Screen</Filter>
    </ClCompile>
    <ClCompile Include="ScreenManager.cpp">
      <Filter>Engine\ScreenManager</Filter>
    </ClCompile>
  </ItemGroup>
  <ItemGroup>
    <ClInclude Include="RenderingEngine.h">
      <Filter>Engine</Filter>
    </ClInclude>
    <ClInclude Include="PhysicalDeviceGroupPicker.h">
      <Filter>Engine</Filter>
    </ClInclude>
    <ClInclude Include="Screen.h">
      <Filter>Screen</Filter>
    </ClInclude>
    <ClInclude Include="ScreenManager.h">
      <Filter>Engine\ScreenManager</Filter>
    </ClInclude>
    <ClInclude Include="RenderCommand.h">
      <Filter>RenderModule</Filter>
    </ClInclude>
  </ItemGroup>
</Project>