<?xml version="1.0" encoding="utf-8"?>
<Project ToolsVersion="4.0" xmlns="http://schemas.microsoft.com/developer/msbuild/2003">
  <ItemGroup>
    <Filter Include="Engine">
      <UniqueIdentifier>{e52bff2b-64bf-4022-a9a9-9cb96311d5d0}</UniqueIdentifier>
    </Filter>
    <Filter Include="Screen">
      <UniqueIdentifier>{7867949f-4add-4323-b576-dfc6f5116899}</UniqueIdentifier>
    </Filter>
    <Filter Include="ShaderCompiler">
      <UniqueIdentifier>{4f30ba62-d715-4932-89fa-9e8813eabb3b}</UniqueIdentifier>
    </Filter>
    <Filter Include="PipelineFactory">
      <UniqueIdentifier>{2063d3f5-4857-4bb9-b599-ddfa4d7c166b}</UniqueIdentifier>
    </Filter>
    <Filter Include="PhysicalDevicePicker">
      <UniqueIdentifier>{8a42bd0c-8177-48c8-9793-1bd4dfcd5b0d}</UniqueIdentifier>
    </Filter>
    <Filter Include="CommandBufferManager">
      <UniqueIdentifier>{2ee5a5d1-9269-4210-a936-0382e59fc916}</UniqueIdentifier>
    </Filter>
    <Filter Include="Drawcall">
      <UniqueIdentifier>{738bc1db-4e39-4e45-8d20-cae1f91453e8}</UniqueIdentifier>
    </Filter>
    <Filter Include="Mesh">
      <UniqueIdentifier>{3fe18ef9-3338-4248-8c3b-13337d188d75}</UniqueIdentifier>
    </Filter>
    <Filter Include="Common">
      <UniqueIdentifier>{38122770-724e-461a-bdf6-fec324e73311}</UniqueIdentifier>
    </Filter>
    <Filter Include="Vertex">
      <UniqueIdentifier>{e47c3674-f8fe-46a7-a79c-8da5732912fa}</UniqueIdentifier>
    </Filter>
    <Filter Include="Screen\ScreenManager">
      <UniqueIdentifier>{d3063ed4-d584-47cb-811b-f270372cc5bf}</UniqueIdentifier>
    </Filter>
    <Filter Include="Buffer">
      <UniqueIdentifier>{9c84abb3-382b-4a0c-9acc-1d3c7eb4c416}</UniqueIdentifier>
    </Filter>
    <Filter Include="Memory">
      <UniqueIdentifier>{55e8d6e0-095e-492e-97a6-c88f654cc0b9}</UniqueIdentifier>
    </Filter>
  </ItemGroup>
  <ItemGroup>
    <ClCompile Include="RenderingEngine.cpp">
      <Filter>Engine</Filter>
    </ClCompile>
    <ClCompile Include="Screen.cpp">
      <Filter>Screen</Filter>
    </ClCompile>
    <ClCompile Include="ShaderCompiler.cpp">
      <Filter>ShaderCompiler</Filter>
    </ClCompile>
    <ClCompile Include="PipelineFactory.cpp">
      <Filter>PipelineFactory</Filter>
    </ClCompile>
    <ClCompile Include="PhysicalDevicePicker.cpp">
      <Filter>PhysicalDevicePicker</Filter>
    </ClCompile>
    <ClCompile Include="CommandBufferManager.cpp">
      <Filter>CommandBufferManager</Filter>
    </ClCompile>
    <ClCompile Include="Drawcall.cpp">
      <Filter>Drawcall</Filter>
    </ClCompile>
    <ClCompile Include="ScreenManager.cpp">
      <Filter>Screen\ScreenManager</Filter>
    </ClCompile>
    <ClCompile Include="ScreenManager_ScreenImpl.cpp">
      <Filter>Screen\ScreenManager</Filter>
    </ClCompile>
    <ClCompile Include="BufferManager.cpp">
      <Filter>Buffer</Filter>
    </ClCompile>
    <ClCompile Include="Buffer.cpp">
      <Filter>Buffer</Filter>
    </ClCompile>
    <ClCompile Include="BufferManager_BufferImpl.cpp">
      <Filter>Buffer</Filter>
    </ClCompile>
    <ClCompile Include="MemoryManager.cpp">
      <Filter>Memory</Filter>
    </ClCompile>
    <ClCompile Include="MemoryManager_MemoryImpl.cpp">
      <Filter>Memory</Filter>
    </ClCompile>
    <ClCompile Include="Memory.cpp">
      <Filter>Memory</Filter>
    </ClCompile>
    <ClCompile Include="MemoryManager_MemoryBank.cpp">
      <Filter>Memory</Filter>
    </ClCompile>
  </ItemGroup>
  <ItemGroup>
    <ClInclude Include="RenderingEngine.h">
      <Filter>Engine</Filter>
    </ClInclude>
    <ClInclude Include="Screen.h">
      <Filter>Screen</Filter>
    </ClInclude>
    <ClInclude Include="ShaderCompiler.h">
      <Filter>ShaderCompiler</Filter>
    </ClInclude>
    <ClInclude Include="PipelineFactory.h">
      <Filter>PipelineFactory</Filter>
    </ClInclude>
    <ClInclude Include="PhysicalDevicePicker.h">
      <Filter>PhysicalDevicePicker</Filter>
    </ClInclude>
    <ClInclude Include="CommandBufferManager.h">
      <Filter>CommandBufferManager</Filter>
    </ClInclude>
    <ClInclude Include="Drawcall.h">
      <Filter>Drawcall</Filter>
    </ClInclude>
    <ClInclude Include="MeshManager.h">
      <Filter>Mesh</Filter>
    </ClInclude>
    <ClInclude Include="SizeUtil.h">
      <Filter>Common</Filter>
    </ClInclude>
    <ClInclude Include="VertexAttribute.h">
      <Filter>Vertex</Filter>
    </ClInclude>
    <ClInclude Include="VertexAttributeUtil.h">
      <Filter>Vertex</Filter>
    </ClInclude>
    <ClInclude Include="ScreenManager.h">
      <Filter>Screen\ScreenManager</Filter>
    </ClInclude>
    <ClInclude Include="BufferManager.h">
      <Filter>Buffer</Filter>
    </ClInclude>
    <ClInclude Include="Buffer.h">
      <Filter>Buffer</Filter>
    </ClInclude>
    <ClInclude Include="MemoryManager.h">
      <Filter>Memory</Filter>
    </ClInclude>
    <ClInclude Include="Memory.h">
      <Filter>Memory</Filter>
    </ClInclude>
  </ItemGroup>
</Project>