
Microsoft Visual Studio Solution File, Format Version 12.00
# Visual Studio Version 17
VisualStudioVersion = 17.1.32228.430
MinimumVisualStudioVersion = 10.0.40219.1
Project("{8BC9CEB8-8B4A-11D0-8D11-00A0C91BC942}") = "App", "App\App.vcxproj", "{C17AA331-EDD9-4F93-88EA-9C592C428F7F}"
EndProject
Project("{8BC9CEB8-8B4A-11D0-8D11-00A0C91BC942}") = "Window", "Window\Window.vcxproj", "{71C4F5F4-C3E9-4FD1-99A0-A0A2D1FF12EB}"
EndProject
Project("{2150E333-8FDC-42A3-9474-1A3956D46DE8}") = "2. Window", "2. Window", "{E748A397-F064-44A4-BD8C-6A4A72788679}"
EndProject
Project("{2150E333-8FDC-42A3-9474-1A3956D46DE8}") = "1. Infrastructure", "1. Infrastructure", "{90885184-C42F-43D5-BF5B-059D901EC1FD}"
EndProject
Project("{8BC9CEB8-8B4A-11D0-8D11-00A0C91BC942}") = "Infrastructure", "Infrastructure\Infrastructure.vcxproj", "{77D278F9-1A13-48F4-BA01-5BCCCEC3F143}"
EndProject
Project("{2150E333-8FDC-42A3-9474-1A3956D46DE8}") = "3. Graphics", "3. Graphics", "{775ED427-0721-4DDF-A791-912618BE52AA}"
EndProject
Project("{2150E333-8FDC-42A3-9474-1A3956D46DE8}") = "4. Engine", "4. Engine", "{8B17F726-557B-46EF-87F5-054A4D5AE0C4}"
EndProject
Project("{2150E333-8FDC-42A3-9474-1A3956D46DE8}") = "5. Framework", "5. Framework", "{18F332F8-3D2F-4F58-8289-BA76CE059EFA}"
EndProject
Project("{2150E333-8FDC-42A3-9474-1A3956D46DE8}") = "6. App", "6. App", "{8D9E5303-1F19-41A5-881B-8A12CB7995CB}"
EndProject
Project("{8BC9CEB8-8B4A-11D0-8D11-00A0C91BC942}") = "Graphics", "Graphics\Graphics.vcxproj", "{022E6446-DAF0-45D3-A57F-C041A461D5E0}"
EndProject
Project("{8BC9CEB8-8B4A-11D0-8D11-00A0C91BC942}") = "RenderingEngine", "RenderingEngine\RenderingEngine.vcxproj", "{9DD430D9-D58C-4E9B-A29E-0C5881B5F2F0}"
EndProject
Project("{8BC9CEB8-8B4A-11D0-8D11-00A0C91BC942}") = "SceneFramework", "SceneFramework\SceneFramework.vcxproj", "{0B068852-8EEF-4877-953E-F39FC503994A}"
EndProject
Global
	GlobalSection(SolutionConfigurationPlatforms) = preSolution
		Debug|x64 = Debug|x64
		Release|x64 = Release|x64
	EndGlobalSection
	GlobalSection(ProjectConfigurationPlatforms) = postSolution
		{C17AA331-EDD9-4F93-88EA-9C592C428F7F}.Debug|x64.ActiveCfg = Debug|x64
		{C17AA331-EDD9-4F93-88EA-9C592C428F7F}.Debug|x64.Build.0 = Debug|x64
		{C17AA331-EDD9-4F93-88EA-9C592C428F7F}.Release|x64.ActiveCfg = Release|x64
		{C17AA331-EDD9-4F93-88EA-9C592C428F7F}.Release|x64.Build.0 = Release|x64
		{71C4F5F4-C3E9-4FD1-99A0-A0A2D1FF12EB}.Debug|x64.ActiveCfg = Debug|x64
		{71C4F5F4-C3E9-4FD1-99A0-A0A2D1FF12EB}.Debug|x64.Build.0 = Debug|x64
		{71C4F5F4-C3E9-4FD1-99A0-A0A2D1FF12EB}.Release|x64.ActiveCfg = Release|x64
		{71C4F5F4-C3E9-4FD1-99A0-A0A2D1FF12EB}.Release|x64.Build.0 = Release|x64
		{77D278F9-1A13-48F4-BA01-5BCCCEC3F143}.Debug|x64.ActiveCfg = Debug|x64
		{77D278F9-1A13-48F4-BA01-5BCCCEC3F143}.Debug|x64.Build.0 = Debug|x64
		{77D278F9-1A13-48F4-BA01-5BCCCEC3F143}.Release|x64.ActiveCfg = Release|x64
		{77D278F9-1A13-48F4-BA01-5BCCCEC3F143}.Release|x64.Build.0 = Release|x64
		{022E6446-DAF0-45D3-A57F-C041A461D5E0}.Debug|x64.ActiveCfg = Debug|x64
		{022E6446-DAF0-45D3-A57F-C041A461D5E0}.Debug|x64.Build.0 = Debug|x64
		{022E6446-DAF0-45D3-A57F-C041A461D5E0}.Release|x64.ActiveCfg = Release|x64
		{022E6446-DAF0-45D3-A57F-C041A461D5E0}.Release|x64.Build.0 = Release|x64
		{9DD430D9-D58C-4E9B-A29E-0C5881B5F2F0}.Debug|x64.ActiveCfg = Debug|x64
		{9DD430D9-D58C-4E9B-A29E-0C5881B5F2F0}.Debug|x64.Build.0 = Debug|x64
		{9DD430D9-D58C-4E9B-A29E-0C5881B5F2F0}.Release|x64.ActiveCfg = Release|x64
		{9DD430D9-D58C-4E9B-A29E-0C5881B5F2F0}.Release|x64.Build.0 = Release|x64
		{0B068852-8EEF-4877-953E-F39FC503994A}.Debug|x64.ActiveCfg = Debug|x64
		{0B068852-8EEF-4877-953E-F39FC503994A}.Debug|x64.Build.0 = Debug|x64
		{0B068852-8EEF-4877-953E-F39FC503994A}.Release|x64.ActiveCfg = Release|x64
		{0B068852-8EEF-4877-953E-F39FC503994A}.Release|x64.Build.0 = Release|x64
	EndGlobalSection
	GlobalSection(SolutionProperties) = preSolution
		HideSolutionNode = FALSE
	EndGlobalSection
	GlobalSection(NestedProjects) = preSolution
		{C17AA331-EDD9-4F93-88EA-9C592C428F7F} = {8D9E5303-1F19-41A5-881B-8A12CB7995CB}
		{71C4F5F4-C3E9-4FD1-99A0-A0A2D1FF12EB} = {E748A397-F064-44A4-BD8C-6A4A72788679}
		{77D278F9-1A13-48F4-BA01-5BCCCEC3F143} = {90885184-C42F-43D5-BF5B-059D901EC1FD}
		{022E6446-DAF0-45D3-A57F-C041A461D5E0} = {775ED427-0721-4DDF-A791-912618BE52AA}
		{9DD430D9-D58C-4E9B-A29E-0C5881B5F2F0} = {8B17F726-557B-46EF-87F5-054A4D5AE0C4}
		{0B068852-8EEF-4877-953E-F39FC503994A} = {18F332F8-3D2F-4F58-8289-BA76CE059EFA}
	EndGlobalSection
	GlobalSection(ExtensibilityGlobals) = postSolution
		SolutionGuid = {7A6862B8-A243-4486-AB01-AC621EA57447}
	EndGlobalSection
EndGlobal
